Microsoft Visual Studio Solution File, Format Version 12.00
# Visual Studio 14
VisualStudioVersion = 14.0.23107.0
MinimumVisualStudioVersion = 10.0.40219.1
Project("{2150E333-8FDC-42A3-9474-1A3956D46DE8}") = ".nuget", ".nuget", "{43375D09-BCC8-4469-BFFE-6298F91F1CAB}"
	ProjectSection(SolutionItems) = preProject
		.nuget\packages.config = .nuget\packages.config
	EndProjectSection
EndProject
Project("{F184B08F-C81C-45F6-A57F-5ABD9991F28F}") = "IntranetPortal", "IntranetPortal\IntranetPortal.vbproj", "{6CA9F52B-C8D7-4098-8FB4-0626D61A9E32}"
EndProject
Project("{F184B08F-C81C-45F6-A57F-5ABD9991F28F}") = "IntranetPortal.Testing", "IntranetPortal.Testing\IntranetPortal.Testing.vbproj", "{F69C9FCB-55A1-423E-A1DC-FB08A28BBC8D}"
EndProject
Project("{F184B08F-C81C-45F6-A57F-5ABD9991F28F}") = "IntranetPortal.Core", "IntranetPortal.Core\IntranetPortal.Core.vbproj", "{5DA9A152-6E61-4CDE-BAF5-6309ED56539A}"
EndProject
Project("{F184B08F-C81C-45F6-A57F-5ABD9991F28F}") = "IntranetPortal.RulesEngine", "IntranetPortal.RulesEngin\IntranetPortal.RulesEngine.vbproj", "{4B4C5173-473A-449A-B117-25E18D3C401B}"
EndProject
Project("{F184B08F-C81C-45F6-A57F-5ABD9991F28F}") = "RuleEngineManage", "RuleEngineManage\RuleEngineManage.vbproj", "{7C0C3DB5-B698-4B34-9503-8DDAA4473D63}"
EndProject
Project("{F184B08F-C81C-45F6-A57F-5ABD9991F28F}") = "RuleEngineService", "RuleEngineService\RuleEngineService.vbproj", "{DF12C48F-79A8-4F28-8794-9A481A431EC2}"
EndProject
Project("{F184B08F-C81C-45F6-A57F-5ABD9991F28F}") = "IntranetPortal.Management", "IntranetPortal.Management\IntranetPortal.Management.vbproj", "{2B915A55-7815-4D0D-8CF6-8384F4638099}"
EndProject
Project("{F184B08F-C81C-45F6-A57F-5ABD9991F28F}") = "IntranetPortal.Data", "IntranetPortal.Data\IntranetPortal.Data.vbproj", "{51557141-4472-40E6-82BD-30275F702486}"
EndProject
Project("{00D1A9C2-B5F0-4AF3-8072-F6C62B433612}") = "InterPortalSQL", "InterPortalSQL\InterPortalSQL.sqlproj", "{B31D450A-53CA-43D5-9096-8F8E66BE879B}"
EndProject
Project("{F184B08F-C81C-45F6-A57F-5ABD9991F28F}") = "UnitTestProject", "UnitTestProject\UnitTestProject.vbproj", "{9CC35969-43A2-4CAD-A298-EB208841587E}"
EndProject
Project("{2150E333-8FDC-42A3-9474-1A3956D46DE8}") = "Solution Items", "Solution Items", "{D4F703A0-8C97-4226-9A0B-57ABB446F632}"
	ProjectSection(SolutionItems) = preProject
		WebEssentials2015-Settings.json = WebEssentials2015-Settings.json
	EndProjectSection
EndProject
Global
	GlobalSection(SolutionConfigurationPlatforms) = preSolution
		Debug|Any CPU = Debug|Any CPU
		Release|Any CPU = Release|Any CPU
	EndGlobalSection
	GlobalSection(ProjectConfigurationPlatforms) = postSolution
		{6CA9F52B-C8D7-4098-8FB4-0626D61A9E32}.Debug|Any CPU.ActiveCfg = Debug|Any CPU
		{6CA9F52B-C8D7-4098-8FB4-0626D61A9E32}.Debug|Any CPU.Build.0 = Debug|Any CPU
		{6CA9F52B-C8D7-4098-8FB4-0626D61A9E32}.Release|Any CPU.ActiveCfg = Release|Any CPU
		{6CA9F52B-C8D7-4098-8FB4-0626D61A9E32}.Release|Any CPU.Build.0 = Release|Any CPU
		{F69C9FCB-55A1-423E-A1DC-FB08A28BBC8D}.Debug|Any CPU.ActiveCfg = Debug|Any CPU
		{F69C9FCB-55A1-423E-A1DC-FB08A28BBC8D}.Debug|Any CPU.Build.0 = Debug|Any CPU
		{F69C9FCB-55A1-423E-A1DC-FB08A28BBC8D}.Release|Any CPU.ActiveCfg = Release|Any CPU
		{F69C9FCB-55A1-423E-A1DC-FB08A28BBC8D}.Release|Any CPU.Build.0 = Release|Any CPU
		{5DA9A152-6E61-4CDE-BAF5-6309ED56539A}.Debug|Any CPU.ActiveCfg = Debug|Any CPU
		{5DA9A152-6E61-4CDE-BAF5-6309ED56539A}.Debug|Any CPU.Build.0 = Debug|Any CPU
		{5DA9A152-6E61-4CDE-BAF5-6309ED56539A}.Release|Any CPU.ActiveCfg = Release|Any CPU
		{5DA9A152-6E61-4CDE-BAF5-6309ED56539A}.Release|Any CPU.Build.0 = Release|Any CPU
		{4B4C5173-473A-449A-B117-25E18D3C401B}.Debug|Any CPU.ActiveCfg = Debug|Any CPU
		{4B4C5173-473A-449A-B117-25E18D3C401B}.Debug|Any CPU.Build.0 = Debug|Any CPU
		{4B4C5173-473A-449A-B117-25E18D3C401B}.Release|Any CPU.ActiveCfg = Release|Any CPU
		{4B4C5173-473A-449A-B117-25E18D3C401B}.Release|Any CPU.Build.0 = Release|Any CPU
		{7C0C3DB5-B698-4B34-9503-8DDAA4473D63}.Debug|Any CPU.ActiveCfg = Debug|Any CPU
		{7C0C3DB5-B698-4B34-9503-8DDAA4473D63}.Debug|Any CPU.Build.0 = Debug|Any CPU
		{7C0C3DB5-B698-4B34-9503-8DDAA4473D63}.Release|Any CPU.ActiveCfg = Release|Any CPU
		{7C0C3DB5-B698-4B34-9503-8DDAA4473D63}.Release|Any CPU.Build.0 = Release|Any CPU
		{DF12C48F-79A8-4F28-8794-9A481A431EC2}.Debug|Any CPU.ActiveCfg = Debug|Any CPU
		{DF12C48F-79A8-4F28-8794-9A481A431EC2}.Debug|Any CPU.Build.0 = Debug|Any CPU
		{DF12C48F-79A8-4F28-8794-9A481A431EC2}.Release|Any CPU.ActiveCfg = Release|Any CPU
		{DF12C48F-79A8-4F28-8794-9A481A431EC2}.Release|Any CPU.Build.0 = Release|Any CPU
		{2B915A55-7815-4D0D-8CF6-8384F4638099}.Debug|Any CPU.ActiveCfg = Debug|Any CPU
		{2B915A55-7815-4D0D-8CF6-8384F4638099}.Debug|Any CPU.Build.0 = Debug|Any CPU
		{2B915A55-7815-4D0D-8CF6-8384F4638099}.Release|Any CPU.ActiveCfg = Release|Any CPU
		{2B915A55-7815-4D0D-8CF6-8384F4638099}.Release|Any CPU.Build.0 = Release|Any CPU
		{51557141-4472-40E6-82BD-30275F702486}.Debug|Any CPU.ActiveCfg = Debug|Any CPU
		{51557141-4472-40E6-82BD-30275F702486}.Debug|Any CPU.Build.0 = Debug|Any CPU
		{51557141-4472-40E6-82BD-30275F702486}.Release|Any CPU.ActiveCfg = Release|Any CPU
		{51557141-4472-40E6-82BD-30275F702486}.Release|Any CPU.Build.0 = Release|Any CPU
		{B31D450A-53CA-43D5-9096-8F8E66BE879B}.Debug|Any CPU.ActiveCfg = Debug|Any CPU
		{B31D450A-53CA-43D5-9096-8F8E66BE879B}.Debug|Any CPU.Build.0 = Debug|Any CPU
		{B31D450A-53CA-43D5-9096-8F8E66BE879B}.Debug|Any CPU.Deploy.0 = Debug|Any CPU
		{B31D450A-53CA-43D5-9096-8F8E66BE879B}.Release|Any CPU.ActiveCfg = Release|Any CPU
		{B31D450A-53CA-43D5-9096-8F8E66BE879B}.Release|Any CPU.Build.0 = Release|Any CPU
		{B31D450A-53CA-43D5-9096-8F8E66BE879B}.Release|Any CPU.Deploy.0 = Release|Any CPU
		{9CC35969-43A2-4CAD-A298-EB208841587E}.Debug|Any CPU.ActiveCfg = Debug|Any CPU
		{9CC35969-43A2-4CAD-A298-EB208841587E}.Debug|Any CPU.Build.0 = Debug|Any CPU
		{9CC35969-43A2-4CAD-A298-EB208841587E}.Release|Any CPU.ActiveCfg = Release|Any CPU
		{9CC35969-43A2-4CAD-A298-EB208841587E}.Release|Any CPU.Build.0 = Release|Any CPU
	EndGlobalSection
	GlobalSection(SolutionProperties) = preSolution
		HideSolutionNode = FALSE
	EndGlobalSection
EndGlobal
